
Microsoft Visual Studio Solution File, Format Version 12.00
# Visual Studio Version 16
VisualStudioVersion = 16.0.30523.141
MinimumVisualStudioVersion = 10.0.40219.1
Project("{FAE04EC0-301F-11D3-BF4B-00C04F79EFBC}") = "ConsoleApp3", "ConsoleApp3\ConsoleApp3.csproj", "{F81571A1-FE29-4B73-BBED-5A0976A106CC}"
EndProject
Global
	GlobalSection(SolutionConfigurationPlatforms) = preSolution
		Debug|Any CPU = Debug|Any CPU
		Release|Any CPU = Release|Any CPU
	EndGlobalSection
	GlobalSection(ProjectConfigurationPlatforms) = postSolution
		{F81571A1-FE29-4B73-BBED-5A0976A106CC}.Debug|Any CPU.ActiveCfg = Debug|Any CPU
		{F81571A1-FE29-4B73-BBED-5A0976A106CC}.Debug|Any CPU.Build.0 = Debug|Any CPU
		{F81571A1-FE29-4B73-BBED-5A0976A106CC}.Release|Any CPU.ActiveCfg = Release|Any CPU
		{F81571A1-FE29-4B73-BBED-5A0976A106CC}.Release|Any CPU.Build.0 = Release|Any CPU
	EndGlobalSection
	GlobalSection(SolutionProperties) = preSolution
		HideSolutionNode = FALSE
	EndGlobalSection
	GlobalSection(ExtensibilityGlobals) = postSolution
		SolutionGuid = {0859B3D5-AE73-4DC2-ACC6-8C198CD5BF79}
	EndGlobalSection
EndGlobal
